{
  "version": 4,
  "terraform_version": "0.12.21",
  "serial": 122,
  "lineage": "4d0920f0-7817-33c1-67c1-91b21e039a90",
  "outputs": {},
  "resources": [
    {
      "module": "module.io",
      "mode": "managed",
      "type": "ovh_domain_zone_record",
      "name": "a",
      "each": "list",
      "provider": "provider.ovh",
      "instances": [
        {
          "index_key": 0,
          "schema_version": 0,
          "attributes": {
            "fieldtype": "A",
            "id": "5119946757",
            "subdomain": "",
            "target": "185.199.108.153",
            "ttl": 10800,
            "zone": "thinkinglabs.io"
          },
          "private": "bnVsbA=="
        },
        {
          "index_key": 1,
          "schema_version": 0,
          "attributes": {
            "fieldtype": "A",
            "id": "5120843985",
            "subdomain": "",
            "target": "185.199.109.153",
            "ttl": 10800,
            "zone": "thinkinglabs.io"
          },
          "private": "bnVsbA=="
        },
        {
          "index_key": 2,
          "schema_version": 0,
          "attributes": {
            "fieldtype": "A",
            "id": "5120843986",
            "subdomain": "",
            "target": "185.199.110.153",
            "ttl": 10800,
            "zone": "thinkinglabs.io"
          },
          "private": "bnVsbA=="
        },
        {
          "index_key": 3,
          "schema_version": 0,
          "attributes": {
            "fieldtype": "A",
            "id": "5120843984",
            "subdomain": "",
            "target": "185.199.111.153",
            "ttl": 10800,
            "zone": "thinkinglabs.io"
          },
          "private": "bnVsbA=="
        }
      ]
    },
    {
      "module": "module.be",
      "mode": "managed",
      "type": "ovh_domain_zone_record",
      "name": "a",
      "each": "list",
      "provider": "provider.ovh",
      "instances": [
        {
          "index_key": 0,
          "schema_version": 0,
          "attributes": {
            "fieldtype": "A",
            "id": "5120845144",
            "subdomain": "",
            "target": "213.186.33.5",
            "ttl": 10800,
            "zone": "thinkinglabs.be"
          },
          "private": "bnVsbA=="
        }
      ]
    },
    {
      "module": "module.io",
      "mode": "managed",
      "type": "ovh_domain_zone_record",
      "name": "cname",
      "each": "list",
      "provider": "provider.ovh",
      "instances": [
        {
          "index_key": 0,
          "schema_version": 0,
          "attributes": {
            "fieldtype": "CNAME",
            "id": "5119946763",
            "subdomain": "www",
            "target": "thinkinglabs.github.io.",
            "ttl": 10800,
            "zone": "thinkinglabs.io"
          },
          "private": "bnVsbA=="
        }
      ]
    },
    {
      "module": "module.be",
      "mode": "managed",
      "type": "ovh_domain_zone_record",
      "name": "cname",
      "each": "list",
      "provider": "provider.ovh",
      "instances": [
        {
          "index_key": 0,
          "schema_version": 0,
          "attributes": {
            "fieldtype": "CNAME",
            "id": "5119946745",
            "subdomain": "www",
            "target": "thinkinglabs.be.",
            "ttl": 10800,
            "zone": "thinkinglabs.be"
          },
          "private": "bnVsbA=="
        }
      ]
    },
    {
      "module": "module.io",
      "mode": "managed",
      "type": "ovh_domain_zone_record",
      "name": "dkim",
      "each": "list",
      "provider": "provider.ovh",
      "instances": [
        {
          "index_key": 0,
          "schema_version": 0,
          "attributes": {
            "fieldtype": "TXT",
            "id": "5124357941",
            "subdomain": "google._domainkey",
            "target": "v=DKIM1; k=rsa; p=MIGfMA0GCSqGSIb3DQEBAQUAA4GNADCBiQKBgQCkECp1DSjE8YViTQ8dmnooEVXzBb8QZaOKUXJ/0T12EYxE14Wms+vtiOKsS+Ps1DszzFLOgm80l8gROzQKy5McEJ5q/01QQcBbgSFlu6IQ2D5UFbky2PFD0Vu9uzRxQX25QZaAIzd7CsuT/TDJrr8uMWReWKjz/mMAwoevxrzTCwIDAQAB",
            "ttl": 3600,
            "zone": "thinkinglabs.io"
          },
          "private": "bnVsbA=="
        }
      ]
    },
    {
      "module": "module.be",
      "mode": "managed",
      "type": "ovh_domain_zone_record",
      "name": "dkim",
      "each": "list",
      "provider": "provider.ovh",
      "instances": []
    },
    {
      "module": "module.io",
      "mode": "managed",
      "type": "ovh_domain_zone_record",
      "name": "dmarc",
      "each": "list",
      "provider": "provider.ovh",
      "instances": [
        {
          "index_key": 0,
          "schema_version": 0,
          "attributes": {
            "fieldtype": "TXT",
            "id": "5124366040",
            "subdomain": "_dmarc",
            "target": "v=DMARC1; p=none; rua=mailto:admin@wayofthinking.be",
            "ttl": 3600,
            "zone": "thinkinglabs.io"
          },
          "private": "bnVsbA=="
        }
      ]
    },
    {
      "module": "module.be",
      "mode": "managed",
      "type": "ovh_domain_zone_record",
      "name": "dmarc",
      "each": "list",
      "provider": "provider.ovh",
      "instances": [
        {
          "index_key": 0,
          "schema_version": 0,
          "attributes": {
            "fieldtype": "TXT",
            "id": "5124366041",
            "subdomain": "_dmarc",
            "target": "v=DMARC1; p=none; rua=mailto:admin@wayofthinking.be",
            "ttl": 3600,
            "zone": "thinkinglabs.be"
          },
          "private": "bnVsbA=="
        }
      ]
    },
    {
      "module": "module.io",
      "mode": "managed",
      "type": "ovh_domain_zone_record",
      "name": "google_site_verification",
      "each": "list",
      "provider": "provider.ovh",
      "instances": [
        {
          "index_key": 0,
          "schema_version": 0,
          "attributes": {
            "fieldtype": "TXT",
            "id": "5120844704",
            "subdomain": "",
            "target": "\"google-site-verification=w-hqEldYqh27TytmgxPWJbbmJJfFt7-qcRiCQjE8Q78\"",
            "ttl": 10800,
            "zone": "thinkinglabs.io"
          },
          "private": "bnVsbA=="
        }
      ]
    },
    {
      "module": "module.be",
      "mode": "managed",
      "type": "ovh_domain_zone_record",
      "name": "google_site_verification",
      "each": "list",
      "provider": "provider.ovh",
      "instances": []
    },
    {
      "module": "module.io",
      "mode": "managed",
      "type": "ovh_domain_zone_record",
      "name": "mx",
      "each": "list",
      "provider": "provider.ovh",
      "instances": [
        {
          "index_key": 0,
          "schema_version": 0,
          "attributes": {
            "fieldtype": "MX",
            "id": "5120844896",
            "subdomain": "",
            "target": "1 aspmx.l.google.com.",
            "ttl": 28800,
            "zone": "thinkinglabs.io"
          },
          "private": "bnVsbA=="
        },
        {
          "index_key": 1,
          "schema_version": 0,
          "attributes": {
            "fieldtype": "MX",
            "id": "5120844892",
            "subdomain": "",
            "target": "3 alt1.aspmx.l.google.com.",
            "ttl": 28800,
            "zone": "thinkinglabs.io"
          },
          "private": "bnVsbA=="
        },
        {
          "index_key": 2,
          "schema_version": 0,
          "attributes": {
            "fieldtype": "MX",
            "id": "5120844895",
            "subdomain": "",
            "target": "3 alt2.aspmx.l.google.com.",
            "ttl": 28800,
            "zone": "thinkinglabs.io"
          },
          "private": "bnVsbA=="
        },
        {
          "index_key": 3,
          "schema_version": 0,
          "attributes": {
            "fieldtype": "MX",
            "id": "5120844893",
            "subdomain": "",
            "target": "5 aspmx2.googlemail.com.",
            "ttl": 28800,
            "zone": "thinkinglabs.io"
          },
          "private": "bnVsbA=="
        },
        {
          "index_key": 4,
          "schema_version": 0,
          "attributes": {
            "fieldtype": "MX",
            "id": "5120844894",
            "subdomain": "",
            "target": "5 aspmx3.googlemail.com.",
            "ttl": 28800,
            "zone": "thinkinglabs.io"
          },
          "private": "bnVsbA=="
        }
      ]
    },
    {
      "module": "module.be",
      "mode": "managed",
      "type": "ovh_domain_zone_record",
      "name": "mx",
      "each": "list",
      "provider": "provider.ovh",
      "instances": []
    },
    {
      "module": "module.io",
      "mode": "managed",
      "type": "ovh_domain_zone_record",
      "name": "ns",
      "each": "list",
      "provider": "provider.ovh",
      "instances": [
        {
          "index_key": 0,
          "schema_version": 0,
          "attributes": {
            "fieldtype": "NS",
            "id": "5120767778",
            "subdomain": "",
            "target": "dns109.ovh.net.",
            "ttl": 86400,
            "zone": "thinkinglabs.io"
          },
          "private": "bnVsbA=="
        },
        {
          "index_key": 1,
          "schema_version": 0,
          "attributes": {
            "fieldtype": "NS",
            "id": "5120767779",
            "subdomain": "",
            "target": "ns109.ovh.net.",
            "ttl": 86400,
            "zone": "thinkinglabs.io"
          },
          "private": "bnVsbA=="
        }
      ]
    },
    {
      "module": "module.be",
      "mode": "managed",
      "type": "ovh_domain_zone_record",
      "name": "ns",
      "each": "list",
      "provider": "provider.ovh",
      "instances": [
        {
          "index_key": 0,
          "schema_version": 0,
          "attributes": {
            "fieldtype": "NS",
            "id": "5119948702",
            "subdomain": "",
            "target": "dns109.ovh.net.",
            "ttl": 86400,
            "zone": "thinkinglabs.be"
          },
          "private": "bnVsbA=="
        },
        {
          "index_key": 1,
          "schema_version": 0,
          "attributes": {
            "fieldtype": "NS",
            "id": "5119948703",
            "subdomain": "",
            "target": "ns109.ovh.net.",
            "ttl": 86400,
            "zone": "thinkinglabs.be"
          },
          "private": "bnVsbA=="
        }
      ]
    },
    {
      "module": "module.io",
      "mode": "managed",
      "type": "ovh_domain_zone_record",
      "name": "spf",
      "each": "list",
      "provider": "provider.ovh",
      "instances": [
        {
          "index_key": 0,
          "schema_version": 0,
          "attributes": {
            "fieldtype": "TXT",
            "id": "5121531373",
            "subdomain": "",
            "target": "\"v=spf1 include:_spf.google.com ~all\"",
            "ttl": 3600,
            "zone": "thinkinglabs.io"
          },
          "private": "bnVsbA=="
        }
      ]
    },
    {
      "module": "module.be",
      "mode": "managed",
      "type": "ovh_domain_zone_record",
      "name": "spf",
      "each": "list",
      "provider": "provider.ovh",
      "instances": []
    },
    {
      "module": "module.io",
      "mode": "managed",
      "type": "ovh_domain_zone_redirection",
      "name": "this",
      "each": "list",
      "provider": "provider.ovh",
      "instances": []
    },
    {
      "module": "module.be",
      "mode": "managed",
      "type": "ovh_domain_zone_redirection",
      "name": "this",
      "each": "list",
      "provider": "provider.ovh",
      "instances": [
        {
          "index_key": 0,
          "schema_version": 0,
          "attributes": {
            "description": "",
            "id": "5120845144",
            "keywords": "",
            "subdomain": "",
            "target": "http://thinkinglabs.io",
            "title": "",
            "type": "visiblePermanent",
            "zone": "thinkinglabs.be"
          },
          "private": "eyJzY2hlbWFfdmVyc2lvbiI6IjAifQ=="
        }
      ]
    }
  ]
}
